
Microsoft Visual Studio Solution File, Format Version 12.00
# Visual Studio Version 16
VisualStudioVersion = 16.0.29613.14
MinimumVisualStudioVersion = 10.0.40219.1
Project("{FAE04EC0-301F-11D3-BF4B-00C04F79EFBC}") = "3c1mariaeduarda30", "3c1mariaeduarda30\3c1mariaeduarda30.csproj", "{6BE86DC6-1EC6-4243-B781-7C5A04D2551E}"
EndProject
Global
	GlobalSection(SolutionConfigurationPlatforms) = preSolution
		Debug|Any CPU = Debug|Any CPU
		Release|Any CPU = Release|Any CPU
	EndGlobalSection
	GlobalSection(ProjectConfigurationPlatforms) = postSolution
		{6BE86DC6-1EC6-4243-B781-7C5A04D2551E}.Debug|Any CPU.ActiveCfg = Debug|Any CPU
		{6BE86DC6-1EC6-4243-B781-7C5A04D2551E}.Debug|Any CPU.Build.0 = Debug|Any CPU
		{6BE86DC6-1EC6-4243-B781-7C5A04D2551E}.Release|Any CPU.ActiveCfg = Release|Any CPU
		{6BE86DC6-1EC6-4243-B781-7C5A04D2551E}.Release|Any CPU.Build.0 = Release|Any CPU
	EndGlobalSection
	GlobalSection(SolutionProperties) = preSolution
		HideSolutionNode = FALSE
	EndGlobalSection
	GlobalSection(ExtensibilityGlobals) = postSolution
		SolutionGuid = {862C70C2-F5FC-4CE8-B65B-6DCE76019013}
	EndGlobalSection
EndGlobal
